
Microsoft Visual Studio Solution File, Format Version 12.00
# Visual Studio Version 17
VisualStudioVersion = 17.3.32804.467
MinimumVisualStudioVersion = 10.0.40219.1
Project("{FAE04EC0-301F-11D3-BF4B-00C04F79EFBC}") = "S4-Repository", "S4-Repository.csproj", "{ABC11A42-4AEA-47C7-97F1-7A736C4996EE}"
EndProject
Global
	GlobalSection(SolutionConfigurationPlatforms) = preSolution
		Debug|Any CPU = Debug|Any CPU
		Release|Any CPU = Release|Any CPU
	EndGlobalSection
	GlobalSection(ProjectConfigurationPlatforms) = postSolution
		{ABC11A42-4AEA-47C7-97F1-7A736C4996EE}.Debug|Any CPU.ActiveCfg = Debug|Any CPU
		{ABC11A42-4AEA-47C7-97F1-7A736C4996EE}.Debug|Any CPU.Build.0 = Debug|Any CPU
		{ABC11A42-4AEA-47C7-97F1-7A736C4996EE}.Release|Any CPU.ActiveCfg = Release|Any CPU
		{ABC11A42-4AEA-47C7-97F1-7A736C4996EE}.Release|Any CPU.Build.0 = Release|Any CPU
	EndGlobalSection
	GlobalSection(SolutionProperties) = preSolution
		HideSolutionNode = FALSE
	EndGlobalSection
	GlobalSection(ExtensibilityGlobals) = postSolution
		SolutionGuid = {8945B780-7944-4A39-A0B8-1973DC5D6F63}
	EndGlobalSection
EndGlobal
